
Microsoft Visual Studio Solution File, Format Version 12.00
# Visual Studio 15
VisualStudioVersion = 15.0.28307.1913
MinimumVisualStudioVersion = 10.0.40219.1
Project("{FAE04EC0-301F-11D3-BF4B-00C04F79EFBC}") = "librarysoft", "librarysoft\librarysoft.csproj", "{10EED0D5-E9FD-45CA-A9EB-595B2C3313FB}"
EndProject
Global
	GlobalSection(SolutionConfigurationPlatforms) = preSolution
		Debug|Any CPU = Debug|Any CPU
		Release|Any CPU = Release|Any CPU
	EndGlobalSection
	GlobalSection(ProjectConfigurationPlatforms) = postSolution
		{10EED0D5-E9FD-45CA-A9EB-595B2C3313FB}.Debug|Any CPU.ActiveCfg = Debug|Any CPU
		{10EED0D5-E9FD-45CA-A9EB-595B2C3313FB}.Debug|Any CPU.Build.0 = Debug|Any CPU
		{10EED0D5-E9FD-45CA-A9EB-595B2C3313FB}.Release|Any CPU.ActiveCfg = Release|Any CPU
		{10EED0D5-E9FD-45CA-A9EB-595B2C3313FB}.Release|Any CPU.Build.0 = Release|Any CPU
	EndGlobalSection
	GlobalSection(SolutionProperties) = preSolution
		HideSolutionNode = FALSE
	EndGlobalSection
	GlobalSection(ExtensibilityGlobals) = postSolution
		SolutionGuid = {31585AFB-A3F3-4524-B900-ED8527617E9D}
	EndGlobalSection
EndGlobal
